
Microsoft Visual Studio Solution File, Format Version 12.00
# Visual Studio 15
VisualStudioVersion = 15.0.27703.2035
MinimumVisualStudioVersion = 10.0.40219.1
Project("{FAE04EC0-301F-11D3-BF4B-00C04F79EFBC}") = "LICTProject", "LICTProject\LICTProject.csproj", "{80474348-3E0C-410F-A986-2D6E23E6241F}"
EndProject
Global
	GlobalSection(SolutionConfigurationPlatforms) = preSolution
		Debug|Any CPU = Debug|Any CPU
		Release|Any CPU = Release|Any CPU
	EndGlobalSection
	GlobalSection(ProjectConfigurationPlatforms) = postSolution
		{80474348-3E0C-410F-A986-2D6E23E6241F}.Debug|Any CPU.ActiveCfg = Debug|Any CPU
		{80474348-3E0C-410F-A986-2D6E23E6241F}.Debug|Any CPU.Build.0 = Debug|Any CPU
		{80474348-3E0C-410F-A986-2D6E23E6241F}.Release|Any CPU.ActiveCfg = Release|Any CPU
		{80474348-3E0C-410F-A986-2D6E23E6241F}.Release|Any CPU.Build.0 = Release|Any CPU
	EndGlobalSection
	GlobalSection(SolutionProperties) = preSolution
		HideSolutionNode = FALSE
	EndGlobalSection
	GlobalSection(ExtensibilityGlobals) = postSolution
		SolutionGuid = {FC15B9FF-05C9-4A24-A1B0-FD80869CC0EB}
	EndGlobalSection
EndGlobal
